
Microsoft Visual Studio Solution File, Format Version 12.00
# Visual Studio 14
VisualStudioVersion = 14.0.23107.0
MinimumVisualStudioVersion = 10.0.40219.1
Project("{FAE04EC0-301F-11D3-BF4B-00C04F79EFBC}") = "Lights.QuickMVC.Web", "Lights.QuickMVC.Web\Lights.QuickMVC.Web.csproj", "{256FAE69-0B65-481A-8699-8FA22A793A1B}"
EndProject
Project("{2150E333-8FDC-42A3-9474-1A3956D46DE8}") = "_Core", "_Core", "{5DB9A6C2-000A-4098-98DC-15724B18004B}"
EndProject
Project("{2150E333-8FDC-42A3-9474-1A3956D46DE8}") = "_Framework", "_Framework", "{C274FBDE-0D85-4AB8-B97F-C06C6695BCB9}"
EndProject
Project("{2150E333-8FDC-42A3-9474-1A3956D46DE8}") = "Admin", "Admin", "{EC9FED2D-86ED-4594-B6B4-C71CBEF7B369}"
EndProject
Project("{FAE04EC0-301F-11D3-BF4B-00C04F79EFBC}") = "Lights.Core.Utils", "Lights.Core.Utils\Lights.Core.Utils.csproj", "{ABC12863-74FE-4E5C-9089-CE3DD1BB3380}"
EndProject
Project("{FAE04EC0-301F-11D3-BF4B-00C04F79EFBC}") = "Lights.Core.Log4net", "Lights.Core.Log4net\Lights.Core.Log4net.csproj", "{D3794C29-0D11-466E-8AB6-D991E9569C4A}"
EndProject
Project("{FAE04EC0-301F-11D3-BF4B-00C04F79EFBC}") = "Lights.Framework.SqlSugar", "Lights.Framework.SqlSugar\Lights.Framework.SqlSugar.csproj", "{6873FDB9-C228-486F-861B-C54803500F8D}"
EndProject
Project("{FAE04EC0-301F-11D3-BF4B-00C04F79EFBC}") = "Lights.Admin.Model", "Lights.Admin.Model\Lights.Admin.Model.csproj", "{D1B96688-F625-4C74-8C1C-A458B71D0484}"
EndProject
Project("{FAE04EC0-301F-11D3-BF4B-00C04F79EFBC}") = "Lights.Admin.Service", "Lights.Admin.Service\Lights.Admin.Service.csproj", "{84D2FF4F-8E2E-41ED-858D-AEE161ECD788}"
EndProject
Project("{FAE04EC0-301F-11D3-BF4B-00C04F79EFBC}") = "Lights.Framework.Manager", "Lights.Framework.Manager\Lights.Framework.Manager.csproj", "{715266C3-3D8B-4F73-B69A-572B2F8C1941}"
EndProject
Project("{FAE04EC0-301F-11D3-BF4B-00C04F79EFBC}") = "Lights.QuickMVC.MyController", "Lights.QuickMVC.MyController\Lights.QuickMVC.MyController.csproj", "{72BFA255-320F-4EBE-970D-F08C6BE3FA49}"
EndProject
Project("{FAE04EC0-301F-11D3-BF4B-00C04F79EFBC}") = "Lights.QuickMVC.MyModel", "Lights.QuickMVC.MyModel\Lights.QuickMVC.MyModel.csproj", "{9FD5550A-BD30-4402-B072-A1F261BD1FE0}"
EndProject
Project("{FAE04EC0-301F-11D3-BF4B-00C04F79EFBC}") = "Lights.QuickMVC.API", "Lights.QuickMVC.API\Lights.QuickMVC.API.csproj", "{AE3E2E8C-7AF6-4D52-91DC-620ECD1A89D7}"
EndProject
Project("{2150E333-8FDC-42A3-9474-1A3956D46DE8}") = "V_Controller", "V_Controller", "{6BA4172E-AD11-439A-A6F0-013601EF6B6F}"
EndProject
Project("{2150E333-8FDC-42A3-9474-1A3956D46DE8}") = "V_ViewModel", "V_ViewModel", "{BC85B78E-0133-4BE1-8FD2-F4B4EF7FF3CF}"
EndProject
Project("{FAE04EC0-301F-11D3-BF4B-00C04F79EFBC}") = "Lights.QuickMVC.AdminController", "Lights.QuickMVC.AdminController\Lights.QuickMVC.AdminController.csproj", "{47DB3213-1946-4562-9108-9F377490E770}"
EndProject
Project("{2150E333-8FDC-42A3-9474-1A3956D46DE8}") = "V_Web", "V_Web", "{73F85366-7DA5-42D9-A174-35E48599F475}"
EndProject
Global
	GlobalSection(SolutionConfigurationPlatforms) = preSolution
		Debug|Any CPU = Debug|Any CPU
		Release|Any CPU = Release|Any CPU
	EndGlobalSection
	GlobalSection(ProjectConfigurationPlatforms) = postSolution
		{256FAE69-0B65-481A-8699-8FA22A793A1B}.Debug|Any CPU.ActiveCfg = Debug|Any CPU
		{256FAE69-0B65-481A-8699-8FA22A793A1B}.Debug|Any CPU.Build.0 = Debug|Any CPU
		{256FAE69-0B65-481A-8699-8FA22A793A1B}.Release|Any CPU.ActiveCfg = Release|Any CPU
		{256FAE69-0B65-481A-8699-8FA22A793A1B}.Release|Any CPU.Build.0 = Release|Any CPU
		{ABC12863-74FE-4E5C-9089-CE3DD1BB3380}.Debug|Any CPU.ActiveCfg = Debug|Any CPU
		{ABC12863-74FE-4E5C-9089-CE3DD1BB3380}.Debug|Any CPU.Build.0 = Debug|Any CPU
		{ABC12863-74FE-4E5C-9089-CE3DD1BB3380}.Release|Any CPU.ActiveCfg = Release|Any CPU
		{ABC12863-74FE-4E5C-9089-CE3DD1BB3380}.Release|Any CPU.Build.0 = Release|Any CPU
		{D3794C29-0D11-466E-8AB6-D991E9569C4A}.Debug|Any CPU.ActiveCfg = Debug|Any CPU
		{D3794C29-0D11-466E-8AB6-D991E9569C4A}.Debug|Any CPU.Build.0 = Debug|Any CPU
		{D3794C29-0D11-466E-8AB6-D991E9569C4A}.Release|Any CPU.ActiveCfg = Release|Any CPU
		{D3794C29-0D11-466E-8AB6-D991E9569C4A}.Release|Any CPU.Build.0 = Release|Any CPU
		{6873FDB9-C228-486F-861B-C54803500F8D}.Debug|Any CPU.ActiveCfg = Debug|Any CPU
		{6873FDB9-C228-486F-861B-C54803500F8D}.Debug|Any CPU.Build.0 = Debug|Any CPU
		{6873FDB9-C228-486F-861B-C54803500F8D}.Release|Any CPU.ActiveCfg = Release|Any CPU
		{6873FDB9-C228-486F-861B-C54803500F8D}.Release|Any CPU.Build.0 = Release|Any CPU
		{D1B96688-F625-4C74-8C1C-A458B71D0484}.Debug|Any CPU.ActiveCfg = Debug|Any CPU
		{D1B96688-F625-4C74-8C1C-A458B71D0484}.Debug|Any CPU.Build.0 = Debug|Any CPU
		{D1B96688-F625-4C74-8C1C-A458B71D0484}.Release|Any CPU.ActiveCfg = Release|Any CPU
		{D1B96688-F625-4C74-8C1C-A458B71D0484}.Release|Any CPU.Build.0 = Release|Any CPU
		{84D2FF4F-8E2E-41ED-858D-AEE161ECD788}.Debug|Any CPU.ActiveCfg = Debug|Any CPU
		{84D2FF4F-8E2E-41ED-858D-AEE161ECD788}.Debug|Any CPU.Build.0 = Debug|Any CPU
		{84D2FF4F-8E2E-41ED-858D-AEE161ECD788}.Release|Any CPU.ActiveCfg = Release|Any CPU
		{84D2FF4F-8E2E-41ED-858D-AEE161ECD788}.Release|Any CPU.Build.0 = Release|Any CPU
		{715266C3-3D8B-4F73-B69A-572B2F8C1941}.Debug|Any CPU.ActiveCfg = Debug|Any CPU
		{715266C3-3D8B-4F73-B69A-572B2F8C1941}.Debug|Any CPU.Build.0 = Debug|Any CPU
		{715266C3-3D8B-4F73-B69A-572B2F8C1941}.Release|Any CPU.ActiveCfg = Release|Any CPU
		{715266C3-3D8B-4F73-B69A-572B2F8C1941}.Release|Any CPU.Build.0 = Release|Any CPU
		{72BFA255-320F-4EBE-970D-F08C6BE3FA49}.Debug|Any CPU.ActiveCfg = Debug|Any CPU
		{72BFA255-320F-4EBE-970D-F08C6BE3FA49}.Debug|Any CPU.Build.0 = Debug|Any CPU
		{72BFA255-320F-4EBE-970D-F08C6BE3FA49}.Release|Any CPU.ActiveCfg = Release|Any CPU
		{72BFA255-320F-4EBE-970D-F08C6BE3FA49}.Release|Any CPU.Build.0 = Release|Any CPU
		{9FD5550A-BD30-4402-B072-A1F261BD1FE0}.Debug|Any CPU.ActiveCfg = Debug|Any CPU
		{9FD5550A-BD30-4402-B072-A1F261BD1FE0}.Debug|Any CPU.Build.0 = Debug|Any CPU
		{9FD5550A-BD30-4402-B072-A1F261BD1FE0}.Release|Any CPU.ActiveCfg = Release|Any CPU
		{9FD5550A-BD30-4402-B072-A1F261BD1FE0}.Release|Any CPU.Build.0 = Release|Any CPU
		{AE3E2E8C-7AF6-4D52-91DC-620ECD1A89D7}.Debug|Any CPU.ActiveCfg = Debug|Any CPU
		{AE3E2E8C-7AF6-4D52-91DC-620ECD1A89D7}.Debug|Any CPU.Build.0 = Debug|Any CPU
		{AE3E2E8C-7AF6-4D52-91DC-620ECD1A89D7}.Release|Any CPU.ActiveCfg = Release|Any CPU
		{AE3E2E8C-7AF6-4D52-91DC-620ECD1A89D7}.Release|Any CPU.Build.0 = Release|Any CPU
		{47DB3213-1946-4562-9108-9F377490E770}.Debug|Any CPU.ActiveCfg = Debug|Any CPU
		{47DB3213-1946-4562-9108-9F377490E770}.Debug|Any CPU.Build.0 = Debug|Any CPU
		{47DB3213-1946-4562-9108-9F377490E770}.Release|Any CPU.ActiveCfg = Release|Any CPU
		{47DB3213-1946-4562-9108-9F377490E770}.Release|Any CPU.Build.0 = Release|Any CPU
	EndGlobalSection
	GlobalSection(SolutionProperties) = preSolution
		HideSolutionNode = FALSE
	EndGlobalSection
	GlobalSection(NestedProjects) = preSolution
		{256FAE69-0B65-481A-8699-8FA22A793A1B} = {73F85366-7DA5-42D9-A174-35E48599F475}
		{ABC12863-74FE-4E5C-9089-CE3DD1BB3380} = {5DB9A6C2-000A-4098-98DC-15724B18004B}
		{D3794C29-0D11-466E-8AB6-D991E9569C4A} = {5DB9A6C2-000A-4098-98DC-15724B18004B}
		{6873FDB9-C228-486F-861B-C54803500F8D} = {C274FBDE-0D85-4AB8-B97F-C06C6695BCB9}
		{D1B96688-F625-4C74-8C1C-A458B71D0484} = {EC9FED2D-86ED-4594-B6B4-C71CBEF7B369}
		{84D2FF4F-8E2E-41ED-858D-AEE161ECD788} = {EC9FED2D-86ED-4594-B6B4-C71CBEF7B369}
		{715266C3-3D8B-4F73-B69A-572B2F8C1941} = {C274FBDE-0D85-4AB8-B97F-C06C6695BCB9}
		{72BFA255-320F-4EBE-970D-F08C6BE3FA49} = {6BA4172E-AD11-439A-A6F0-013601EF6B6F}
		{9FD5550A-BD30-4402-B072-A1F261BD1FE0} = {BC85B78E-0133-4BE1-8FD2-F4B4EF7FF3CF}
		{AE3E2E8C-7AF6-4D52-91DC-620ECD1A89D7} = {73F85366-7DA5-42D9-A174-35E48599F475}
		{47DB3213-1946-4562-9108-9F377490E770} = {6BA4172E-AD11-439A-A6F0-013601EF6B6F}
	EndGlobalSection
EndGlobal
